{
  "name": "centralexpedicao-print-agent",
  "version": "1.0.0",
  "lockfileVersion": 3,
  "requires": true,
  "packages": {
    "": {
      "name": "centralexpedicao-print-agent",
      "version": "1.0.0",
      "license": "UNLICENSED",
      "dependencies": {
        "dotenv": "^16.4.5",
        "pdf-to-printer": "^5.8.0"
      },
      "engines": {
        "node": ">=18"
      }
    },
    "node_modules/dotenv": {
      "version": "16.6.1",
      "resolved": "https://registry.npmjs.org/dotenv/-/dotenv-16.6.1.tgz",
      "integrity": "sha512-uBq4egWHTcTt33a72vpSG0z3HnPuIl6NqYcTrKEg2azoEyl2hpW0zqlxysq2pK9HlDIHyHyakeYaYnSAwd8bow==",
      "license": "BSD-2-Clause",
      "engines": {
        "node": ">=12"
      },
      "funding": {
        "url": "https://dotenvx.com"
      }
    },
    "node_modules/pdf-to-printer": {
      "version": "5.8.0",
      "resolved": "https://registry.npmjs.org/pdf-to-printer/-/pdf-to-printer-5.8.0.tgz",
      "integrity": "sha512-Majoo9grEskzUUC/t6epqENPA7rPFWqEQTEAkQ5rGp9SM8TSm6HqYU2HWcLNuuNNbR6pzBjATjF2ZmRwirHZKA==",
      "license": "MIT"
    }
  }
}
